
Microsoft Visual Studio Solution File, Format Version 12.00
# Visual Studio 15
VisualStudioVersion = 15.0.28307.757
MinimumVisualStudioVersion = 10.0.40219.1
Project("{FAE04EC0-301F-11D3-BF4B-00C04F79EFBC}") = "SupplyCollectorDataLoader", "SupplyCollectorDataLoader\SupplyCollectorDataLoader.csproj", "{BEACCB80-9F81-4992-A382-2E0BD9A94F96}"
EndProject
Global
	GlobalSection(SolutionConfigurationPlatforms) = preSolution
		Debug|Any CPU = Debug|Any CPU
		Release|Any CPU = Release|Any CPU
	EndGlobalSection
	GlobalSection(ProjectConfigurationPlatforms) = postSolution
		{BEACCB80-9F81-4992-A382-2E0BD9A94F96}.Debug|Any CPU.ActiveCfg = Debug|Any CPU
		{BEACCB80-9F81-4992-A382-2E0BD9A94F96}.Debug|Any CPU.Build.0 = Debug|Any CPU
		{BEACCB80-9F81-4992-A382-2E0BD9A94F96}.Release|Any CPU.ActiveCfg = Release|Any CPU
		{BEACCB80-9F81-4992-A382-2E0BD9A94F96}.Release|Any CPU.Build.0 = Release|Any CPU
	EndGlobalSection
	GlobalSection(SolutionProperties) = preSolution
		HideSolutionNode = FALSE
	EndGlobalSection
	GlobalSection(ExtensibilityGlobals) = postSolution
		SolutionGuid = {647D4AFB-C625-412B-9266-0B519B1EF308}
	EndGlobalSection
EndGlobal
